
Microsoft Visual Studio Solution File, Format Version 12.00
# Visual Studio 15
Project("{FAE04EC0-301F-11D3-BF4B-00C04F79EFBC}") = "homework-master22.Plugins", "homework-master22.Plugins.csproj", "{D59AB1B1-1900-7037-5CE6-2CDA0CC030FD}"
EndProject
Project("{FAE04EC0-301F-11D3-BF4B-00C04F79EFBC}") = "homework-master22", "homework-master22.csproj", "{F689503F-92B6-0148-31C6-254E5BEAF5E6}"
EndProject
Project("{FAE04EC0-301F-11D3-BF4B-00C04F79EFBC}") = "homework-master22.Editor.Plugins", "homework-master22.Editor.Plugins.csproj", "{627B9508-1C5E-3AB8-7155-55793F9527BF}"
EndProject
Global
	GlobalSection(SolutionConfigurationPlatforms) = preSolution
		Debug|Any CPU = Debug|Any CPU
		Release|Any CPU = Release|Any CPU
	EndGlobalSection
	GlobalSection(ProjectConfigurationPlatforms) = postSolution
		{D59AB1B1-1900-7037-5CE6-2CDA0CC030FD}.Debug|Any CPU.ActiveCfg = Debug|Any CPU
		{D59AB1B1-1900-7037-5CE6-2CDA0CC030FD}.Debug|Any CPU.Build.0 = Debug|Any CPU
		{D59AB1B1-1900-7037-5CE6-2CDA0CC030FD}.Release|Any CPU.ActiveCfg = Release|Any CPU
		{D59AB1B1-1900-7037-5CE6-2CDA0CC030FD}.Release|Any CPU.Build.0 = Release|Any CPU
		{F689503F-92B6-0148-31C6-254E5BEAF5E6}.Debug|Any CPU.ActiveCfg = Debug|Any CPU
		{F689503F-92B6-0148-31C6-254E5BEAF5E6}.Debug|Any CPU.Build.0 = Debug|Any CPU
		{F689503F-92B6-0148-31C6-254E5BEAF5E6}.Release|Any CPU.ActiveCfg = Release|Any CPU
		{F689503F-92B6-0148-31C6-254E5BEAF5E6}.Release|Any CPU.Build.0 = Release|Any CPU
		{627B9508-1C5E-3AB8-7155-55793F9527BF}.Debug|Any CPU.ActiveCfg = Debug|Any CPU
		{627B9508-1C5E-3AB8-7155-55793F9527BF}.Debug|Any CPU.Build.0 = Debug|Any CPU
		{627B9508-1C5E-3AB8-7155-55793F9527BF}.Release|Any CPU.ActiveCfg = Release|Any CPU
		{627B9508-1C5E-3AB8-7155-55793F9527BF}.Release|Any CPU.Build.0 = Release|Any CPU
	EndGlobalSection
	GlobalSection(SolutionProperties) = preSolution
		HideSolutionNode = FALSE
	EndGlobalSection
EndGlobal
